
Microsoft Visual Studio Solution File, Format Version 12.00
# Visual Studio Version 17
VisualStudioVersion = 17.3.32929.385
MinimumVisualStudioVersion = 10.0.40219.1
Project("{FAE04EC0-301F-11D3-BF4B-00C04F79EFBC}") = "studentHouseSolution", "studentHouseSolution\studentHouseSolution.csproj", "{C1BD9E99-EE14-4126-85BB-57232DB5B112}"
EndProject
Global
	GlobalSection(SolutionConfigurationPlatforms) = preSolution
		Debug|Any CPU = Debug|Any CPU
		Release|Any CPU = Release|Any CPU
	EndGlobalSection
	GlobalSection(ProjectConfigurationPlatforms) = postSolution
		{C1BD9E99-EE14-4126-85BB-57232DB5B112}.Debug|Any CPU.ActiveCfg = Debug|Any CPU
		{C1BD9E99-EE14-4126-85BB-57232DB5B112}.Debug|Any CPU.Build.0 = Debug|Any CPU
		{C1BD9E99-EE14-4126-85BB-57232DB5B112}.Release|Any CPU.ActiveCfg = Release|Any CPU
		{C1BD9E99-EE14-4126-85BB-57232DB5B112}.Release|Any CPU.Build.0 = Release|Any CPU
	EndGlobalSection
	GlobalSection(SolutionProperties) = preSolution
		HideSolutionNode = FALSE
	EndGlobalSection
	GlobalSection(ExtensibilityGlobals) = postSolution
		SolutionGuid = {7F0BAC4D-6737-4836-8DC5-5483226944CA}
	EndGlobalSection
EndGlobal
